
Microsoft Visual Studio Solution File, Format Version 12.00
# Visual Studio 15
VisualStudioVersion = 15.0.26430.16
MinimumVisualStudioVersion = 10.0.40219.1
Project("{FAE04EC0-301F-11D3-BF4B-00C04F79EFBC}") = "Hello", "Hello\Hello.csproj", "{43D3A9D9-D831-46CD-BE33-1DE6770DB406}"
EndProject
Project("{FAE04EC0-301F-11D3-BF4B-00C04F79EFBC}") = "OOdemot", "OOdemot\OOdemot.csproj", "{647E5B70-F18B-4837-8A73-4FCAFA7B4CB9}"
EndProject
Project("{FAE04EC0-301F-11D3-BF4B-00C04F79EFBC}") = "Labrat", "Labrat\Labrat.csproj", "{8B5A2F3C-8E0F-47CC-8FD2-F70C1EB8EAE2}"
EndProject
Project("{FAE04EC0-301F-11D3-BF4B-00C04F79EFBC}") = "Viikko40", "Viikko40\Viikko40.csproj", "{116D2666-33D4-44F5-8337-EDA82AEDB9EE}"
EndProject
Project("{FAE04EC0-301F-11D3-BF4B-00C04F79EFBC}") = "Viikko41", "Viikko41\Viikko41.csproj", "{9D3AA09A-32D8-4047-B1DC-76C156A7D7D4}"
EndProject
Project("{FAE04EC0-301F-11D3-BF4B-00C04F79EFBC}") = "Viikko42", "Viikko42\Viikko42.csproj", "{FA415EFA-FCF3-484C-B296-A1A42F558F6C}"
EndProject
Project("{FAE04EC0-301F-11D3-BF4B-00C04F79EFBC}") = "TuntiDemo", "TuntiDemo\TuntiDemo.csproj", "{1E15DC31-7F16-4F51-BD4E-4C864AE9A761}"
EndProject
Project("{FAE04EC0-301F-11D3-BF4B-00C04F79EFBC}") = "Viikko43", "Viikko43\Viikko43.csproj", "{7EC4D6EB-9CB7-4772-AABC-CD2D792A306F}"
EndProject
Project("{FAE04EC0-301F-11D3-BF4B-00C04F79EFBC}") = "Viikko44", "Viikko44\Viikko44.csproj", "{15B7733F-1F45-4EA2-BE30-EF3A82186547}"
EndProject
Project("{FAE04EC0-301F-11D3-BF4B-00C04F79EFBC}") = "Viikko44.2", "Viikko44.2\Viikko44.2.csproj", "{13DA2389-0FC2-4C27-BE6B-9ADE4FC1CA9E}"
EndProject
Project("{FAE04EC0-301F-11D3-BF4B-00C04F79EFBC}") = "Viikko44Tests1", "Viikko44Tests1\Viikko44Tests1.csproj", "{2AF98D6D-8F4E-4FAA-81B4-FD9C3563F871}"
EndProject
Project("{FAE04EC0-301F-11D3-BF4B-00C04F79EFBC}") = "Viikko44.2Tests", "Viikko44.2Tests\Viikko44.2Tests.csproj", "{9B4596AB-2BB1-4599-AE18-8FF7672492F3}"
EndProject
Project("{FAE04EC0-301F-11D3-BF4B-00C04F79EFBC}") = "WPFDemo", "WPFDemo\WPFDemo.csproj", "{5BB32A0D-33EB-46BC-B5C8-E8F5270016E5}"
EndProject
Project("{FAE04EC0-301F-11D3-BF4B-00C04F79EFBC}") = "WPFLabra10", "WPFLabra10\WPFLabra10.csproj", "{06F5C796-D286-4BD5-A000-9DFA305FFC5C}"
EndProject
Project("{FAE04EC0-301F-11D3-BF4B-00C04F79EFBC}") = "WPFLabra10.2", "WPFLabra10.2\WPFLabra10.2.csproj", "{33F5E0C8-8BAF-42AC-876F-21EFD8E0CFEC}"
EndProject
Project("{FAE04EC0-301F-11D3-BF4B-00C04F79EFBC}") = "Autotalli", "Autotalli\Autotalli.csproj", "{DC005747-F19B-41EA-B403-E958B1B1BB01}"
EndProject
Project("{FAE04EC0-301F-11D3-BF4B-00C04F79EFBC}") = "WPFLabra10.1", "WPFLabra10.1\WPFLabra10.1.csproj", "{81B9D18D-E94E-4676-B666-23FD7323AB30}"
EndProject
Global
	GlobalSection(SolutionConfigurationPlatforms) = preSolution
		Debug|Any CPU = Debug|Any CPU
		Release|Any CPU = Release|Any CPU
	EndGlobalSection
	GlobalSection(ProjectConfigurationPlatforms) = postSolution
		{43D3A9D9-D831-46CD-BE33-1DE6770DB406}.Debug|Any CPU.ActiveCfg = Debug|Any CPU
		{43D3A9D9-D831-46CD-BE33-1DE6770DB406}.Debug|Any CPU.Build.0 = Debug|Any CPU
		{43D3A9D9-D831-46CD-BE33-1DE6770DB406}.Release|Any CPU.ActiveCfg = Release|Any CPU
		{43D3A9D9-D831-46CD-BE33-1DE6770DB406}.Release|Any CPU.Build.0 = Release|Any CPU
		{647E5B70-F18B-4837-8A73-4FCAFA7B4CB9}.Debug|Any CPU.ActiveCfg = Debug|Any CPU
		{647E5B70-F18B-4837-8A73-4FCAFA7B4CB9}.Debug|Any CPU.Build.0 = Debug|Any CPU
		{647E5B70-F18B-4837-8A73-4FCAFA7B4CB9}.Release|Any CPU.ActiveCfg = Release|Any CPU
		{647E5B70-F18B-4837-8A73-4FCAFA7B4CB9}.Release|Any CPU.Build.0 = Release|Any CPU
		{8B5A2F3C-8E0F-47CC-8FD2-F70C1EB8EAE2}.Debug|Any CPU.ActiveCfg = Debug|Any CPU
		{8B5A2F3C-8E0F-47CC-8FD2-F70C1EB8EAE2}.Debug|Any CPU.Build.0 = Debug|Any CPU
		{8B5A2F3C-8E0F-47CC-8FD2-F70C1EB8EAE2}.Release|Any CPU.ActiveCfg = Release|Any CPU
		{8B5A2F3C-8E0F-47CC-8FD2-F70C1EB8EAE2}.Release|Any CPU.Build.0 = Release|Any CPU
		{116D2666-33D4-44F5-8337-EDA82AEDB9EE}.Debug|Any CPU.ActiveCfg = Debug|Any CPU
		{116D2666-33D4-44F5-8337-EDA82AEDB9EE}.Debug|Any CPU.Build.0 = Debug|Any CPU
		{116D2666-33D4-44F5-8337-EDA82AEDB9EE}.Release|Any CPU.ActiveCfg = Release|Any CPU
		{116D2666-33D4-44F5-8337-EDA82AEDB9EE}.Release|Any CPU.Build.0 = Release|Any CPU
		{9D3AA09A-32D8-4047-B1DC-76C156A7D7D4}.Debug|Any CPU.ActiveCfg = Debug|Any CPU
		{9D3AA09A-32D8-4047-B1DC-76C156A7D7D4}.Debug|Any CPU.Build.0 = Debug|Any CPU
		{9D3AA09A-32D8-4047-B1DC-76C156A7D7D4}.Release|Any CPU.ActiveCfg = Release|Any CPU
		{9D3AA09A-32D8-4047-B1DC-76C156A7D7D4}.Release|Any CPU.Build.0 = Release|Any CPU
		{FA415EFA-FCF3-484C-B296-A1A42F558F6C}.Debug|Any CPU.ActiveCfg = Debug|Any CPU
		{FA415EFA-FCF3-484C-B296-A1A42F558F6C}.Debug|Any CPU.Build.0 = Debug|Any CPU
		{FA415EFA-FCF3-484C-B296-A1A42F558F6C}.Release|Any CPU.ActiveCfg = Release|Any CPU
		{FA415EFA-FCF3-484C-B296-A1A42F558F6C}.Release|Any CPU.Build.0 = Release|Any CPU
		{1E15DC31-7F16-4F51-BD4E-4C864AE9A761}.Debug|Any CPU.ActiveCfg = Debug|Any CPU
		{1E15DC31-7F16-4F51-BD4E-4C864AE9A761}.Debug|Any CPU.Build.0 = Debug|Any CPU
		{1E15DC31-7F16-4F51-BD4E-4C864AE9A761}.Release|Any CPU.ActiveCfg = Release|Any CPU
		{1E15DC31-7F16-4F51-BD4E-4C864AE9A761}.Release|Any CPU.Build.0 = Release|Any CPU
		{7EC4D6EB-9CB7-4772-AABC-CD2D792A306F}.Debug|Any CPU.ActiveCfg = Debug|Any CPU
		{7EC4D6EB-9CB7-4772-AABC-CD2D792A306F}.Debug|Any CPU.Build.0 = Debug|Any CPU
		{7EC4D6EB-9CB7-4772-AABC-CD2D792A306F}.Release|Any CPU.ActiveCfg = Release|Any CPU
		{7EC4D6EB-9CB7-4772-AABC-CD2D792A306F}.Release|Any CPU.Build.0 = Release|Any CPU
		{15B7733F-1F45-4EA2-BE30-EF3A82186547}.Debug|Any CPU.ActiveCfg = Debug|Any CPU
		{15B7733F-1F45-4EA2-BE30-EF3A82186547}.Debug|Any CPU.Build.0 = Debug|Any CPU
		{15B7733F-1F45-4EA2-BE30-EF3A82186547}.Release|Any CPU.ActiveCfg = Release|Any CPU
		{15B7733F-1F45-4EA2-BE30-EF3A82186547}.Release|Any CPU.Build.0 = Release|Any CPU
		{13DA2389-0FC2-4C27-BE6B-9ADE4FC1CA9E}.Debug|Any CPU.ActiveCfg = Debug|Any CPU
		{13DA2389-0FC2-4C27-BE6B-9ADE4FC1CA9E}.Debug|Any CPU.Build.0 = Debug|Any CPU
		{13DA2389-0FC2-4C27-BE6B-9ADE4FC1CA9E}.Release|Any CPU.ActiveCfg = Release|Any CPU
		{13DA2389-0FC2-4C27-BE6B-9ADE4FC1CA9E}.Release|Any CPU.Build.0 = Release|Any CPU
		{2AF98D6D-8F4E-4FAA-81B4-FD9C3563F871}.Debug|Any CPU.ActiveCfg = Debug|Any CPU
		{2AF98D6D-8F4E-4FAA-81B4-FD9C3563F871}.Debug|Any CPU.Build.0 = Debug|Any CPU
		{2AF98D6D-8F4E-4FAA-81B4-FD9C3563F871}.Release|Any CPU.ActiveCfg = Release|Any CPU
		{2AF98D6D-8F4E-4FAA-81B4-FD9C3563F871}.Release|Any CPU.Build.0 = Release|Any CPU
		{9B4596AB-2BB1-4599-AE18-8FF7672492F3}.Debug|Any CPU.ActiveCfg = Debug|Any CPU
		{9B4596AB-2BB1-4599-AE18-8FF7672492F3}.Debug|Any CPU.Build.0 = Debug|Any CPU
		{9B4596AB-2BB1-4599-AE18-8FF7672492F3}.Release|Any CPU.ActiveCfg = Release|Any CPU
		{9B4596AB-2BB1-4599-AE18-8FF7672492F3}.Release|Any CPU.Build.0 = Release|Any CPU
		{5BB32A0D-33EB-46BC-B5C8-E8F5270016E5}.Debug|Any CPU.ActiveCfg = Debug|Any CPU
		{5BB32A0D-33EB-46BC-B5C8-E8F5270016E5}.Debug|Any CPU.Build.0 = Debug|Any CPU
		{5BB32A0D-33EB-46BC-B5C8-E8F5270016E5}.Release|Any CPU.ActiveCfg = Release|Any CPU
		{5BB32A0D-33EB-46BC-B5C8-E8F5270016E5}.Release|Any CPU.Build.0 = Release|Any CPU
		{06F5C796-D286-4BD5-A000-9DFA305FFC5C}.Debug|Any CPU.ActiveCfg = Debug|Any CPU
		{06F5C796-D286-4BD5-A000-9DFA305FFC5C}.Debug|Any CPU.Build.0 = Debug|Any CPU
		{06F5C796-D286-4BD5-A000-9DFA305FFC5C}.Release|Any CPU.ActiveCfg = Release|Any CPU
		{06F5C796-D286-4BD5-A000-9DFA305FFC5C}.Release|Any CPU.Build.0 = Release|Any CPU
		{33F5E0C8-8BAF-42AC-876F-21EFD8E0CFEC}.Debug|Any CPU.ActiveCfg = Debug|Any CPU
		{33F5E0C8-8BAF-42AC-876F-21EFD8E0CFEC}.Debug|Any CPU.Build.0 = Debug|Any CPU
		{33F5E0C8-8BAF-42AC-876F-21EFD8E0CFEC}.Release|Any CPU.ActiveCfg = Release|Any CPU
		{33F5E0C8-8BAF-42AC-876F-21EFD8E0CFEC}.Release|Any CPU.Build.0 = Release|Any CPU
		{DC005747-F19B-41EA-B403-E958B1B1BB01}.Debug|Any CPU.ActiveCfg = Debug|Any CPU
		{DC005747-F19B-41EA-B403-E958B1B1BB01}.Debug|Any CPU.Build.0 = Debug|Any CPU
		{DC005747-F19B-41EA-B403-E958B1B1BB01}.Release|Any CPU.ActiveCfg = Release|Any CPU
		{DC005747-F19B-41EA-B403-E958B1B1BB01}.Release|Any CPU.Build.0 = Release|Any CPU
		{81B9D18D-E94E-4676-B666-23FD7323AB30}.Debug|Any CPU.ActiveCfg = Debug|Any CPU
		{81B9D18D-E94E-4676-B666-23FD7323AB30}.Debug|Any CPU.Build.0 = Debug|Any CPU
		{81B9D18D-E94E-4676-B666-23FD7323AB30}.Release|Any CPU.ActiveCfg = Release|Any CPU
		{81B9D18D-E94E-4676-B666-23FD7323AB30}.Release|Any CPU.Build.0 = Release|Any CPU
	EndGlobalSection
	GlobalSection(SolutionProperties) = preSolution
		HideSolutionNode = FALSE
	EndGlobalSection
	GlobalSection(ExtensibilityGlobals) = postSolution
		SolutionGuid = {1911FC95-416B-4801-B5ED-532764926925}
	EndGlobalSection
EndGlobal
